
Microsoft Visual Studio Solution File, Format Version 12.00
# Visual Studio Version 16
VisualStudioVersion = 16.0.29613.14
MinimumVisualStudioVersion = 10.0.40219.1
Project("{9A19103F-16F7-4668-BE54-9A1E7A4F7556}") = "CircusTrain", "CircusTrain\CircusTrain.csproj", "{B2D164BF-4ED0-4C27-91D5-1055B3570ECE}"
EndProject
Project("{9A19103F-16F7-4668-BE54-9A1E7A4F7556}") = "Circustrainlib", "Circustrainlib\Circustrainlib.csproj", "{FE7A18BA-FA74-4203-AEA9-6867BAD02E01}"
EndProject
Project("{FAE04EC0-301F-11D3-BF4B-00C04F79EFBC}") = "CircusTrainTests", "CircusTrainTests\CircusTrainTests.csproj", "{E2E56D6A-666A-40E8-8D17-D1CC74BA317F}"
EndProject
Global
	GlobalSection(SolutionConfigurationPlatforms) = preSolution
		Debug|Any CPU = Debug|Any CPU
		Release|Any CPU = Release|Any CPU
	EndGlobalSection
	GlobalSection(ProjectConfigurationPlatforms) = postSolution
		{B2D164BF-4ED0-4C27-91D5-1055B3570ECE}.Debug|Any CPU.ActiveCfg = Debug|Any CPU
		{B2D164BF-4ED0-4C27-91D5-1055B3570ECE}.Debug|Any CPU.Build.0 = Debug|Any CPU
		{B2D164BF-4ED0-4C27-91D5-1055B3570ECE}.Release|Any CPU.ActiveCfg = Release|Any CPU
		{B2D164BF-4ED0-4C27-91D5-1055B3570ECE}.Release|Any CPU.Build.0 = Release|Any CPU
		{FE7A18BA-FA74-4203-AEA9-6867BAD02E01}.Debug|Any CPU.ActiveCfg = Debug|Any CPU
		{FE7A18BA-FA74-4203-AEA9-6867BAD02E01}.Debug|Any CPU.Build.0 = Debug|Any CPU
		{FE7A18BA-FA74-4203-AEA9-6867BAD02E01}.Release|Any CPU.ActiveCfg = Release|Any CPU
		{FE7A18BA-FA74-4203-AEA9-6867BAD02E01}.Release|Any CPU.Build.0 = Release|Any CPU
		{E2E56D6A-666A-40E8-8D17-D1CC74BA317F}.Debug|Any CPU.ActiveCfg = Debug|Any CPU
		{E2E56D6A-666A-40E8-8D17-D1CC74BA317F}.Debug|Any CPU.Build.0 = Debug|Any CPU
		{E2E56D6A-666A-40E8-8D17-D1CC74BA317F}.Release|Any CPU.ActiveCfg = Release|Any CPU
		{E2E56D6A-666A-40E8-8D17-D1CC74BA317F}.Release|Any CPU.Build.0 = Release|Any CPU
	EndGlobalSection
	GlobalSection(SolutionProperties) = preSolution
		HideSolutionNode = FALSE
	EndGlobalSection
	GlobalSection(ExtensibilityGlobals) = postSolution
		SolutionGuid = {27D5B9ED-F409-4780-AC02-738D53BEE2A2}
	EndGlobalSection
EndGlobal
